// !$*UTF8*$!
{
	archiveVersion = 1;
	classes = {
	};
	objectVersion = 45;
	objects = {

/* Begin PBXBuildFile section */
		1D3623260D0F684500981E51 /* Delegate.m in Sources */ = {isa = PBXBuildFile; fileRef = 1D3623250D0F684500981E51 /* Delegate.m */; };
		1D60589B0D05DD56006BFB54 /* main.m in Sources */ = {isa = PBXBuildFile; fileRef = 29B97316FDCFA39411CA2CEA /* main.m */; };
		1D60589F0D05DD5A006BFB54 /* Foundation.framework in Frameworks */ = {isa = PBXBuildFile; fileRef = 1D30AB110D05D00D00671497 /* Foundation.framework */; };
		1DF5F4E00D08C38300B7A737 /* UIKit.framework in Frameworks */ = {isa = PBXBuildFile; fileRef = 1DF5F4DF0D08C38300B7A737 /* UIKit.framework */; };
		288765FD0DF74451002DB57D /* CoreGraphics.framework in Frameworks */ = {isa = PBXBuildFile; fileRef = 288765FC0DF74451002DB57D /* CoreGraphics.framework */; };
		28AD733F0D9D9553002E5188 /* MainWindow.xib in Resources */ = {isa = PBXBuildFile; fileRef = 28AD733E0D9D9553002E5188 /* MainWindow.xib */; };
		65B637D5115821DD00F90E0E /* Pooler.m in Sources */ = {isa = PBXBuildFile; fileRef = 65B637D4115821DD00F90E0E /* Pooler.m */; };
		A90EFE2B0F77E16000AB789A /* SplashScreenController.m in Sources */ = {isa = PBXBuildFile; fileRef = A90EFE2A0F77E16000AB789A /* SplashScreenController.m */; };
		A90EFE2E0F77E27800AB789A /* MainMenuController.m in Sources */ = {isa = PBXBuildFile; fileRef = A90EFE2D0F77E27800AB789A /* MainMenuController.m */; };
		A90EFE300F77E38C00AB789A /* SplashScreen.xib in Resources */ = {isa = PBXBuildFile; fileRef = A90EFE2F0F77E38C00AB789A /* SplashScreen.xib */; };
		A90EFE320F77E39700AB789A /* MainMenu.xib in Resources */ = {isa = PBXBuildFile; fileRef = A90EFE310F77E39700AB789A /* MainMenu.xib */; };
		C2858C2D1145E87D004A4E7D /* Settings.m in Sources */ = {isa = PBXBuildFile; fileRef = C2858C2C1145E87D004A4E7D /* Settings.m */; };
		C2B91EB311543C6900BB73ED /* splash_screen_v1.jpg in Resources */ = {isa = PBXBuildFile; fileRef = C2B91EB211543C6900BB73ED /* splash_screen_v1.jpg */; };
		E05172F5115852EF00A38FE7 /* help.png in Resources */ = {isa = PBXBuildFile; fileRef = E05172F4115852EF00A38FE7 /* help.png */; };
		E05172F7115852F900A38FE7 /* red_cross.png in Resources */ = {isa = PBXBuildFile; fileRef = E05172F6115852F900A38FE7 /* red_cross.png */; };
		E05172F91158530200A38FE7 /* green_tick.png in Resources */ = {isa = PBXBuildFile; fileRef = E05172F81158530200A38FE7 /* green_tick.png */; };
		E0B60AB8114F063B005F222D /* ViewStatisticsController.m in Sources */ = {isa = PBXBuildFile; fileRef = E0B60AB7114F063B005F222D /* ViewStatisticsController.m */; };
		E0D8BCBE114F0C4E009BBEE4 /* ViewStatistics.xib in Resources */ = {isa = PBXBuildFile; fileRef = E0D8BCBD114F0C4E009BBEE4 /* ViewStatistics.xib */; };
		FA96F32D1158404F00ABCBFC /* Goalie.m in Sources */ = {isa = PBXBuildFile; fileRef = FA96F3261158404F00ABCBFC /* Goalie.m */; };
		FA96F32E1158404F00ABCBFC /* Player.m in Sources */ = {isa = PBXBuildFile; fileRef = FA96F3281158404F00ABCBFC /* Player.m */; };
		FA96F32F1158404F00ABCBFC /* Skater.m in Sources */ = {isa = PBXBuildFile; fileRef = FA96F32A1158404F00ABCBFC /* Skater.m */; };
		FA96F3301158404F00ABCBFC /* Team.m in Sources */ = {isa = PBXBuildFile; fileRef = FA96F32C1158404F00ABCBFC /* Team.m */; };
		FAA8CE0211529B890041F68D /* TeamList.m in Sources */ = {isa = PBXBuildFile; fileRef = FAA8CE0111529B890041F68D /* TeamList.m */; };
		FAAA291C114F126C00EADD2B /* AddPooler.xib in Resources */ = {isa = PBXBuildFile; fileRef = FAAA291B114F126C00EADD2B /* AddPooler.xib */; };
		FAAA2924114F12CA00EADD2B /* AddPoolerController.m in Sources */ = {isa = PBXBuildFile; fileRef = FAAA2923114F12CA00EADD2B /* AddPoolerController.m */; };
		FAD4E455114EFFA5003A1BB5 /* SettingsController.m in Sources */ = {isa = PBXBuildFile; fileRef = FAD4E454114EFFA5003A1BB5 /* SettingsController.m */; };
		FAD4E479114F01C2003A1BB5 /* Settings.xib in Resources */ = {isa = PBXBuildFile; fileRef = FAD4E478114F01C2003A1BB5 /* Settings.xib */; };
/* End PBXBuildFile section */

/* Begin PBXFileReference section */
		1D30AB110D05D00D00671497 /* Foundation.framework */ = {isa = PBXFileReference; lastKnownFileType = wrapper.framework; name = Foundation.framework; path = System/Library/Frameworks/Foundation.framework; sourceTree = SDKROOT; };
		1D3623240D0F684500981E51 /* Delegate.h */ = {isa = PBXFileReference; fileEncoding = 4; lastKnownFileType = sourcecode.c.h; path = Delegate.h; sourceTree = "<group>"; };
		1D3623250D0F684500981E51 /* Delegate.m */ = {isa = PBXFileReference; fileEncoding = 4; lastKnownFileType = sourcecode.c.objc; path = Delegate.m; sourceTree = "<group>"; };
		1D6058910D05DD3D006BFB54 /* NavApp.app */ = {isa = PBXFileReference; explicitFileType = wrapper.application; includeInIndex = 0; path = NavApp.app; sourceTree = BUILT_PRODUCTS_DIR; };
		1DF5F4DF0D08C38300B7A737 /* UIKit.framework */ = {isa = PBXFileReference; lastKnownFileType = wrapper.framework; name = UIKit.framework; path = System/Library/Frameworks/UIKit.framework; sourceTree = SDKROOT; };
		288765FC0DF74451002DB57D /* CoreGraphics.framework */ = {isa = PBXFileReference; lastKnownFileType = wrapper.framework; name = CoreGraphics.framework; path = System/Library/Frameworks/CoreGraphics.framework; sourceTree = SDKROOT; };
		28AD733E0D9D9553002E5188 /* MainWindow.xib */ = {isa = PBXFileReference; lastKnownFileType = file.xib; path = MainWindow.xib; sourceTree = "<group>"; };
		29B97316FDCFA39411CA2CEA /* main.m */ = {isa = PBXFileReference; fileEncoding = 4; lastKnownFileType = sourcecode.c.objc; path = main.m; sourceTree = "<group>"; };
		32CA4F630368D1EE00C91783 /* NavApp_Prefix.pch */ = {isa = PBXFileReference; fileEncoding = 4; lastKnownFileType = sourcecode.c.h; path = NavApp_Prefix.pch; sourceTree = "<group>"; };
		65B637D3115821DD00F90E0E /* Pooler.h */ = {isa = PBXFileReference; fileEncoding = 4; lastKnownFileType = sourcecode.c.h; path = Pooler.h; sourceTree = "<group>"; };
		65B637D4115821DD00F90E0E /* Pooler.m */ = {isa = PBXFileReference; fileEncoding = 4; lastKnownFileType = sourcecode.c.objc; path = Pooler.m; sourceTree = "<group>"; };
		8D1107310486CEB800E47090 /* Info.plist */ = {isa = PBXFileReference; fileEncoding = 4; lastKnownFileType = text.plist.xml; path = Info.plist; sourceTree = "<group>"; };
		A90EFE290F77E16000AB789A /* SplashScreenController.h */ = {isa = PBXFileReference; fileEncoding = 4; lastKnownFileType = sourcecode.c.h; path = SplashScreenController.h; sourceTree = "<group>"; };
		A90EFE2A0F77E16000AB789A /* SplashScreenController.m */ = {isa = PBXFileReference; fileEncoding = 4; lastKnownFileType = sourcecode.c.objc; path = SplashScreenController.m; sourceTree = "<group>"; };
		A90EFE2C0F77E27800AB789A /* MainMenuController.h */ = {isa = PBXFileReference; fileEncoding = 4; lastKnownFileType = sourcecode.c.h; path = MainMenuController.h; sourceTree = "<group>"; };
		A90EFE2D0F77E27800AB789A /* MainMenuController.m */ = {isa = PBXFileReference; fileEncoding = 4; lastKnownFileType = sourcecode.c.objc; path = MainMenuController.m; sourceTree = "<group>"; };
		A90EFE2F0F77E38C00AB789A /* SplashScreen.xib */ = {isa = PBXFileReference; lastKnownFileType = file.xib; path = SplashScreen.xib; sourceTree = "<group>"; };
		A90EFE310F77E39700AB789A /* MainMenu.xib */ = {isa = PBXFileReference; lastKnownFileType = file.xib; path = MainMenu.xib; sourceTree = "<group>"; };
		C2858C2B1145E87D004A4E7D /* Settings.h */ = {isa = PBXFileReference; fileEncoding = 4; lastKnownFileType = sourcecode.c.h; path = Settings.h; sourceTree = "<group>"; };
		C2858C2C1145E87D004A4E7D /* Settings.m */ = {isa = PBXFileReference; fileEncoding = 4; lastKnownFileType = sourcecode.c.objc; path = Settings.m; sourceTree = "<group>"; };
		C2B91EB211543C6900BB73ED /* splash_screen_v1.jpg */ = {isa = PBXFileReference; lastKnownFileType = image.jpeg; name = splash_screen_v1.jpg; path = Media/splash_screen_v1.jpg; sourceTree = "<group>"; };
		E05172F4115852EF00A38FE7 /* help.png */ = {isa = PBXFileReference; lastKnownFileType = image.png; name = help.png; path = Media/help.png; sourceTree = "<group>"; };
		E05172F6115852F900A38FE7 /* red_cross.png */ = {isa = PBXFileReference; lastKnownFileType = image.png; name = red_cross.png; path = Media/red_cross.png; sourceTree = "<group>"; };
		E05172F81158530200A38FE7 /* green_tick.png */ = {isa = PBXFileReference; lastKnownFileType = image.png; name = green_tick.png; path = Media/green_tick.png; sourceTree = "<group>"; };
		E0B60AB6114F063B005F222D /* ViewStatisticsController.h */ = {isa = PBXFileReference; fileEncoding = 4; lastKnownFileType = sourcecode.c.h; path = ViewStatisticsController.h; sourceTree = "<group>"; };
		E0B60AB7114F063B005F222D /* ViewStatisticsController.m */ = {isa = PBXFileReference; fileEncoding = 4; lastKnownFileType = sourcecode.c.objc; path = ViewStatisticsController.m; sourceTree = "<group>"; };
		E0D8BCBD114F0C4E009BBEE4 /* ViewStatistics.xib */ = {isa = PBXFileReference; lastKnownFileType = file.xib; path = ViewStatistics.xib; sourceTree = "<group>"; };
		FA96F3251158404F00ABCBFC /* Goalie.h */ = {isa = PBXFileReference; fileEncoding = 4; lastKnownFileType = sourcecode.c.h; path = Goalie.h; sourceTree = "<group>"; };
		FA96F3261158404F00ABCBFC /* Goalie.m */ = {isa = PBXFileReference; fileEncoding = 4; lastKnownFileType = sourcecode.c.objc; path = Goalie.m; sourceTree = "<group>"; };
		FA96F3271158404F00ABCBFC /* Player.h */ = {isa = PBXFileReference; fileEncoding = 4; lastKnownFileType = sourcecode.c.h; path = Player.h; sourceTree = "<group>"; };
		FA96F3281158404F00ABCBFC /* Player.m */ = {isa = PBXFileReference; fileEncoding = 4; lastKnownFileType = sourcecode.c.objc; path = Player.m; sourceTree = "<group>"; };
		FA96F3291158404F00ABCBFC /* Skater.h */ = {isa = PBXFileReference; fileEncoding = 4; lastKnownFileType = sourcecode.c.h; path = Skater.h; sourceTree = "<group>"; };
		FA96F32A1158404F00ABCBFC /* Skater.m */ = {isa = PBXFileReference; fileEncoding = 4; lastKnownFileType = sourcecode.c.objc; path = Skater.m; sourceTree = "<group>"; };
		FA96F32B1158404F00ABCBFC /* Team.h */ = {isa = PBXFileReference; fileEncoding = 4; lastKnownFileType = sourcecode.c.h; path = Team.h; sourceTree = "<group>"; };
		FA96F32C1158404F00ABCBFC /* Team.m */ = {isa = PBXFileReference; fileEncoding = 4; lastKnownFileType = sourcecode.c.objc; path = Team.m; sourceTree = "<group>"; };
		FAA8CE0011529B890041F68D /* TeamList.h */ = {isa = PBXFileReference; fileEncoding = 4; lastKnownFileType = sourcecode.c.h; path = TeamList.h; sourceTree = "<group>"; };
		FAA8CE0111529B890041F68D /* TeamList.m */ = {isa = PBXFileReference; fileEncoding = 4; lastKnownFileType = sourcecode.c.objc; path = TeamList.m; sourceTree = "<group>"; };
		FAAA291B114F126C00EADD2B /* AddPooler.xib */ = {isa = PBXFileReference; lastKnownFileType = file.xib; path = AddPooler.xib; sourceTree = "<group>"; };
		FAAA2922114F12CA00EADD2B /* AddPoolerController.h */ = {isa = PBXFileReference; fileEncoding = 4; lastKnownFileType = sourcecode.c.h; path = AddPoolerController.h; sourceTree = "<group>"; };
		FAAA2923114F12CA00EADD2B /* AddPoolerController.m */ = {isa = PBXFileReference; fileEncoding = 4; lastKnownFileType = sourcecode.c.objc; path = AddPoolerController.m; sourceTree = "<group>"; };
		FAD4E453114EFFA5003A1BB5 /* SettingsController.h */ = {isa = PBXFileReference; fileEncoding = 4; lastKnownFileType = sourcecode.c.h; path = SettingsController.h; sourceTree = "<group>"; };
		FAD4E454114EFFA5003A1BB5 /* SettingsController.m */ = {isa = PBXFileReference; fileEncoding = 4; lastKnownFileType = sourcecode.c.objc; path = SettingsController.m; sourceTree = "<group>"; };
		FAD4E478114F01C2003A1BB5 /* Settings.xib */ = {isa = PBXFileReference; lastKnownFileType = file.xib; path = Settings.xib; sourceTree = "<group>"; };
/* End PBXFileReference section */

/* Begin PBXFrameworksBuildPhase section */
		1D60588F0D05DD3D006BFB54 /* Frameworks */ = {
			isa = PBXFrameworksBuildPhase;
			buildActionMask = 2147483647;
			files = (
				1D60589F0D05DD5A006BFB54 /* Foundation.framework in Frameworks */,
				1DF5F4E00D08C38300B7A737 /* UIKit.framework in Frameworks */,
				288765FD0DF74451002DB57D /* CoreGraphics.framework in Frameworks */,
			);
			runOnlyForDeploymentPostprocessing = 0;
		};
/* End PBXFrameworksBuildPhase section */

/* Begin PBXGroup section */
		080E96DDFE201D6D7F000001 /* Classes */ = {
			isa = PBXGroup;
			children = (
				FA96F3251158404F00ABCBFC /* Goalie.h */,
				FA96F3261158404F00ABCBFC /* Goalie.m */,
				FA96F3271158404F00ABCBFC /* Player.h */,
				FA96F3281158404F00ABCBFC /* Player.m */,
				FA96F3291158404F00ABCBFC /* Skater.h */,
				FA96F32A1158404F00ABCBFC /* Skater.m */,
				FA96F32B1158404F00ABCBFC /* Team.h */,
				FA96F32C1158404F00ABCBFC /* Team.m */,
				FAAA2922114F12CA00EADD2B /* AddPoolerController.h */,
				FAAA2923114F12CA00EADD2B /* AddPoolerController.m */,
				C2858C2B1145E87D004A4E7D /* Settings.h */,
				1D3623240D0F684500981E51 /* Delegate.h */,
				1D3623250D0F684500981E51 /* Delegate.m */,
				A90EFE290F77E16000AB789A /* SplashScreenController.h */,
				A90EFE2A0F77E16000AB789A /* SplashScreenController.m */,
				C2858C2C1145E87D004A4E7D /* Settings.m */,
				A90EFE2C0F77E27800AB789A /* MainMenuController.h */,
				A90EFE2D0F77E27800AB789A /* MainMenuController.m */,
				FAD4E453114EFFA5003A1BB5 /* SettingsController.h */,
				FAD4E454114EFFA5003A1BB5 /* SettingsController.m */,
				E0B60AB6114F063B005F222D /* ViewStatisticsController.h */,
				E0B60AB7114F063B005F222D /* ViewStatisticsController.m */,
				FAA8CE0011529B890041F68D /* TeamList.h */,
				FAA8CE0111529B890041F68D /* TeamList.m */,
				65B637D3115821DD00F90E0E /* Pooler.h */,
				65B637D4115821DD00F90E0E /* Pooler.m */,
			);
			path = Classes;
			sourceTree = "<group>";
		};
		19C28FACFE9D520D11CA2CBB /* Products */ = {
			isa = PBXGroup;
			children = (
				1D6058910D05DD3D006BFB54 /* NavApp.app */,
			);
			name = Products;
			sourceTree = "<group>";
		};
		29B97314FDCFA39411CA2CEA /* CustomTemplate */ = {
			isa = PBXGroup;
			children = (
				FAAA294D114F16EC00EADD2B /* Media */,
				080E96DDFE201D6D7F000001 /* Classes */,
				29B97315FDCFA39411CA2CEA /* Other Sources */,
				29B97317FDCFA39411CA2CEA /* Resources */,
				29B97323FDCFA39411CA2CEA /* Frameworks */,
				19C28FACFE9D520D11CA2CBB /* Products */,
			);
			name = CustomTemplate;
			sourceTree = "<group>";
		};
		29B97315FDCFA39411CA2CEA /* Other Sources */ = {
			isa = PBXGroup;
			children = (
				32CA4F630368D1EE00C91783 /* NavApp_Prefix.pch */,
				29B97316FDCFA39411CA2CEA /* main.m */,
			);
			name = "Other Sources";
			sourceTree = "<group>";
		};
		29B97317FDCFA39411CA2CEA /* Resources */ = {
			isa = PBXGroup;
			children = (
				FAAA291B114F126C00EADD2B /* AddPooler.xib */,
				28AD733E0D9D9553002E5188 /* MainWindow.xib */,
				8D1107310486CEB800E47090 /* Info.plist */,
				A90EFE2F0F77E38C00AB789A /* SplashScreen.xib */,
				A90EFE310F77E39700AB789A /* MainMenu.xib */,
				FAD4E478114F01C2003A1BB5 /* Settings.xib */,
				E0D8BCBD114F0C4E009BBEE4 /* ViewStatistics.xib */,
			);
			name = Resources;
			sourceTree = "<group>";
		};
		29B97323FDCFA39411CA2CEA /* Frameworks */ = {
			isa = PBXGroup;
			children = (
				1DF5F4DF0D08C38300B7A737 /* UIKit.framework */,
				1D30AB110D05D00D00671497 /* Foundation.framework */,
				288765FC0DF74451002DB57D /* CoreGraphics.framework */,
			);
			name = Frameworks;
			sourceTree = "<group>";
		};
		FAAA294D114F16EC00EADD2B /* Media */ = {
			isa = PBXGroup;
			children = (
				E05172F81158530200A38FE7 /* green_tick.png */,
				E05172F6115852F900A38FE7 /* red_cross.png */,
				E05172F4115852EF00A38FE7 /* help.png */,
				C2B91EB211543C6900BB73ED /* splash_screen_v1.jpg */,
			);
			name = Media;
			sourceTree = "<group>";
		};
/* End PBXGroup section */

/* Begin PBXNativeTarget section */
		1D6058900D05DD3D006BFB54 /* NavApp */ = {
			isa = PBXNativeTarget;
			buildConfigurationList = 1D6058960D05DD3E006BFB54 /* Build configuration list for PBXNativeTarget "NavApp" */;
			buildPhases = (
				1D60588D0D05DD3D006BFB54 /* Resources */,
				1D60588E0D05DD3D006BFB54 /* Sources */,
				1D60588F0D05DD3D006BFB54 /* Frameworks */,
			);
			buildRules = (
			);
			dependencies = (
			);
			name = NavApp;
			productName = NavApp;
			productReference = 1D6058910D05DD3D006BFB54 /* NavApp.app */;
			productType = "com.apple.product-type.application";
		};
/* End PBXNativeTarget section */

/* Begin PBXProject section */
		29B97313FDCFA39411CA2CEA /* Project object */ = {
			isa = PBXProject;
			buildConfigurationList = C01FCF4E08A954540054247B /* Build configuration list for PBXProject "NavApp" */;
			compatibilityVersion = "Xcode 3.1";
			hasScannedForEncodings = 1;
			mainGroup = 29B97314FDCFA39411CA2CEA /* CustomTemplate */;
			projectDirPath = "";
			projectRoot = "";
			targets = (
				1D6058900D05DD3D006BFB54 /* NavApp */,
			);
		};
/* End PBXProject section */

/* Begin PBXResourcesBuildPhase section */
		1D60588D0D05DD3D006BFB54 /* Resources */ = {
			isa = PBXResourcesBuildPhase;
			buildActionMask = 2147483647;
			files = (
				28AD733F0D9D9553002E5188 /* MainWindow.xib in Resources */,
				A90EFE300F77E38C00AB789A /* SplashScreen.xib in Resources */,
				A90EFE320F77E39700AB789A /* MainMenu.xib in Resources */,
				FAD4E479114F01C2003A1BB5 /* Settings.xib in Resources */,
				E0D8BCBE114F0C4E009BBEE4 /* ViewStatistics.xib in Resources */,
				FAAA291C114F126C00EADD2B /* AddPooler.xib in Resources */,
				C2B91EB311543C6900BB73ED /* splash_screen_v1.jpg in Resources */,
				E05172F5115852EF00A38FE7 /* help.png in Resources */,
				E05172F7115852F900A38FE7 /* red_cross.png in Resources */,
				E05172F91158530200A38FE7 /* green_tick.png in Resources */,
			);
			runOnlyForDeploymentPostprocessing = 0;
		};
/* End PBXResourcesBuildPhase section */

/* Begin PBXSourcesBuildPhase section */
		1D60588E0D05DD3D006BFB54 /* Sources */ = {
			isa = PBXSourcesBuildPhase;
			buildActionMask = 2147483647;
			files = (
				1D60589B0D05DD56006BFB54 /* main.m in Sources */,
				1D3623260D0F684500981E51 /* Delegate.m in Sources */,
				A90EFE2B0F77E16000AB789A /* SplashScreenController.m in Sources */,
				A90EFE2E0F77E27800AB789A /* MainMenuController.m in Sources */,
				C2858C2D1145E87D004A4E7D /* Settings.m in Sources */,
				FAD4E455114EFFA5003A1BB5 /* SettingsController.m in Sources */,
				E0B60AB8114F063B005F222D /* ViewStatisticsController.m in Sources */,
				FAAA2924114F12CA00EADD2B /* AddPoolerController.m in Sources */,
				FAA8CE0211529B890041F68D /* TeamList.m in Sources */,
				65B637D5115821DD00F90E0E /* Pooler.m in Sources */,
				FA96F32D1158404F00ABCBFC /* Goalie.m in Sources */,
				FA96F32E1158404F00ABCBFC /* Player.m in Sources */,
				FA96F32F1158404F00ABCBFC /* Skater.m in Sources */,
				FA96F3301158404F00ABCBFC /* Team.m in Sources */,
			);
			runOnlyForDeploymentPostprocessing = 0;
		};
/* End PBXSourcesBuildPhase section */

/* Begin XCBuildConfiguration section */
		1D6058940D05DD3E006BFB54 /* Debug */ = {
			isa = XCBuildConfiguration;
			buildSettings = {
				ALWAYS_SEARCH_USER_PATHS = NO;
				COPY_PHASE_STRIP = NO;
				GCC_DYNAMIC_NO_PIC = NO;
				GCC_OPTIMIZATION_LEVEL = 0;
				GCC_PRECOMPILE_PREFIX_HEADER = YES;
				GCC_PREFIX_HEADER = NavApp_Prefix.pch;
				INFOPLIST_FILE = Info.plist;
				PRODUCT_NAME = NavApp;
			};
			name = Debug;
		};
		1D6058950D05DD3E006BFB54 /* Release */ = {
			isa = XCBuildConfiguration;
			buildSettings = {
				ALWAYS_SEARCH_USER_PATHS = NO;
				COPY_PHASE_STRIP = YES;
				GCC_PRECOMPILE_PREFIX_HEADER = YES;
				GCC_PREFIX_HEADER = NavApp_Prefix.pch;
				INFOPLIST_FILE = Info.plist;
				PRODUCT_NAME = NavApp;
			};
			name = Release;
		};
		C01FCF4F08A954540054247B /* Debug */ = {
			isa = XCBuildConfiguration;
			buildSettings = {
				ARCHS = "$(ARCHS_STANDARD_32_BIT)";
				"CODE_SIGN_IDENTITY[sdk=iphoneos*]" = "iPhone Developer";
				GCC_C_LANGUAGE_STANDARD = c99;
				GCC_WARN_ABOUT_RETURN_TYPE = YES;
				GCC_WARN_UNUSED_VARIABLE = YES;
				ONLY_ACTIVE_ARCH = YES;
				PREBINDING = NO;
				SDKROOT = iphonesimulator3.1.2;
			};
			name = Debug;
		};
		C01FCF5008A954540054247B /* Release */ = {
			isa = XCBuildConfiguration;
			buildSettings = {
				ARCHS = "$(ARCHS_STANDARD_32_BIT)";
				"CODE_SIGN_IDENTITY[sdk=iphoneos*]" = "iPhone Developer";
				GCC_C_LANGUAGE_STANDARD = c99;
				GCC_WARN_ABOUT_RETURN_TYPE = YES;
				GCC_WARN_UNUSED_VARIABLE = YES;
				PREBINDING = NO;
				SDKROOT = iphonesimulator3.1.2;
			};
			name = Release;
		};
/* End XCBuildConfiguration section */

/* Begin XCConfigurationList section */
		1D6058960D05DD3E006BFB54 /* Build configuration list for PBXNativeTarget "NavApp" */ = {
			isa = XCConfigurationList;
			buildConfigurations = (
				1D6058940D05DD3E006BFB54 /* Debug */,
				1D6058950D05DD3E006BFB54 /* Release */,
			);
			defaultConfigurationIsVisible = 0;
			defaultConfigurationName = Release;
		};
		C01FCF4E08A954540054247B /* Build configuration list for PBXProject "NavApp" */ = {
			isa = XCConfigurationList;
			buildConfigurations = (
				C01FCF4F08A954540054247B /* Debug */,
				C01FCF5008A954540054247B /* Release */,
			);
			defaultConfigurationIsVisible = 0;
			defaultConfigurationName = Release;
		};
/* End XCConfigurationList section */
	};
	rootObject = 29B97313FDCFA39411CA2CEA /* Project object */;
}
